apiVersion: vendir.k14s.io/v1alpha1
directories:
- contents:
  - http: {}
    path: cert-manager
  - http: {}
    path: cloudnative-pg
  - http: {}
    path: rabbitmq-operator
  - git:
      commitTitle: 'build(deps): bump github/codeql-action from 3.25.10 to 3.25.11
        (#6532)...'
      sha: 93859da3f6915c24ea60be78343f9a406f495a59
    path: contour
  path: static
- contents:
  - helmChart:
      appVersion: 1.29.1
      version: 18.2.9
    path: contour
  - helmChart:
      appVersion: v1.0.2
      version: v1.0.2
    path: envoy-gateway
  - helmChart:
      appVersion: v1.15.0
      version: v1.15.0
    path: cert-manager
  path: charts/network
- contents:
  - helmChart:
      appVersion: 3.0.0
      version: 6.6.3
    path: loki
  - helmChart:
      appVersion: 2.5.0
      version: 1.9.0
    path: tempo
  - helmChart:
      appVersion: 11.0.0
      version: 8.0.1
    path: grafana
  - helmChart:
      appVersion: v1.1.1
      version: 0.3.2
    path: alloy
  - helmChart:
      appVersion: 2.12.0
      version: 5.3.0
    path: mimir-distributed
  path: charts/observability
- contents:
  - helmChart:
      appVersion: 1.23.2
      version: 0.21.5
    path: cloudnative-pg
  - helmChart:
      appVersion: 2.9.0
      version: 4.3.5
    path: rabbitmq-cluster-operator
  path: charts/data
kind: LockConfig
